
Microsoft Visual Studio Solution File, Format Version 12.00
# Visual Studio Version 17
VisualStudioVersion = 17.1.32210.238
MinimumVisualStudioVersion = 10.0.40219.1
Project("{9A19103F-16F7-4668-BE54-9A1E7A4F7556}") = "PreCodeTextFormater", "PreCodeTextFormater.csproj", "{BC420354-89C0-4C97-9C3A-330889B3F9C3}"
EndProject
Global
	GlobalSection(SolutionConfigurationPlatforms) = preSolution
		Debug|Any CPU = Debug|Any CPU
		Release|Any CPU = Release|Any CPU
	EndGlobalSection
	GlobalSection(ProjectConfigurationPlatforms) = postSolution
		{BC420354-89C0-4C97-9C3A-330889B3F9C3}.Debug|Any CPU.ActiveCfg = Debug|Any CPU
		{BC420354-89C0-4C97-9C3A-330889B3F9C3}.Debug|Any CPU.Build.0 = Debug|Any CPU
		{BC420354-89C0-4C97-9C3A-330889B3F9C3}.Release|Any CPU.ActiveCfg = Release|Any CPU
		{BC420354-89C0-4C97-9C3A-330889B3F9C3}.Release|Any CPU.Build.0 = Release|Any CPU
	EndGlobalSection
	GlobalSection(SolutionProperties) = preSolution
		HideSolutionNode = FALSE
	EndGlobalSection
	GlobalSection(ExtensibilityGlobals) = postSolution
		SolutionGuid = {3A46E2D1-FA8A-4F5B-B526-23F13164717E}
	EndGlobalSection
EndGlobal
